
Microsoft Visual Studio Solution File, Format Version 12.00
# Visual Studio Version 17
VisualStudioVersion = 17.3.32811.315
MinimumVisualStudioVersion = 10.0.40219.1
Project("{FAE04EC0-301F-11D3-BF4B-00C04F79EFBC}") = "ConsoleApp14", "ConsoleApp14\ConsoleApp14.csproj", "{11A6D20A-8E3E-4DBF-AFAA-2E767187AD95}"
EndProject
Global
	GlobalSection(SolutionConfigurationPlatforms) = preSolution
		Debug|Any CPU = Debug|Any CPU
		Release|Any CPU = Release|Any CPU
	EndGlobalSection
	GlobalSection(ProjectConfigurationPlatforms) = postSolution
		{11A6D20A-8E3E-4DBF-AFAA-2E767187AD95}.Debug|Any CPU.ActiveCfg = Debug|Any CPU
		{11A6D20A-8E3E-4DBF-AFAA-2E767187AD95}.Debug|Any CPU.Build.0 = Debug|Any CPU
		{11A6D20A-8E3E-4DBF-AFAA-2E767187AD95}.Release|Any CPU.ActiveCfg = Release|Any CPU
		{11A6D20A-8E3E-4DBF-AFAA-2E767187AD95}.Release|Any CPU.Build.0 = Release|Any CPU
	EndGlobalSection
	GlobalSection(SolutionProperties) = preSolution
		HideSolutionNode = FALSE
	EndGlobalSection
	GlobalSection(ExtensibilityGlobals) = postSolution
		SolutionGuid = {42923E9D-955A-4E6F-8BB7-43EBA7D9C143}
	EndGlobalSection
EndGlobal
